
Microsoft Visual Studio Solution File, Format Version 12.00
# Visual Studio 15
VisualStudioVersion = 15.0.28307.1000
MinimumVisualStudioVersion = 10.0.40219.1
Project("{FAE04EC0-301F-11D3-BF4B-00C04F79EFBC}") = "MakeAppV1", "MakeAppV1\MakeAppV1.csproj", "{715B151C-5955-43ED-9F30-1CB320F7C2C2}"
EndProject
Global
	GlobalSection(SolutionConfigurationPlatforms) = preSolution
		Debug|Any CPU = Debug|Any CPU
		Release|Any CPU = Release|Any CPU
	EndGlobalSection
	GlobalSection(ProjectConfigurationPlatforms) = postSolution
		{715B151C-5955-43ED-9F30-1CB320F7C2C2}.Debug|Any CPU.ActiveCfg = Debug|Any CPU
		{715B151C-5955-43ED-9F30-1CB320F7C2C2}.Debug|Any CPU.Build.0 = Debug|Any CPU
		{715B151C-5955-43ED-9F30-1CB320F7C2C2}.Release|Any CPU.ActiveCfg = Release|Any CPU
		{715B151C-5955-43ED-9F30-1CB320F7C2C2}.Release|Any CPU.Build.0 = Release|Any CPU
	EndGlobalSection
	GlobalSection(SolutionProperties) = preSolution
		HideSolutionNode = FALSE
	EndGlobalSection
	GlobalSection(ExtensibilityGlobals) = postSolution
		SolutionGuid = {F26C9C07-E468-4258-8C19-270190BF9D22}
	EndGlobalSection
EndGlobal
